
Microsoft Visual Studio Solution File, Format Version 12.00
# Visual Studio 15
VisualStudioVersion = 15.0.28307.539
MinimumVisualStudioVersion = 10.0.40219.1
Project("{FAE04EC0-301F-11D3-BF4B-00C04F79EFBC}") = "FuncyStyleInCSharp", "FuncyStyleInCSharp\FuncyStyleInCSharp.csproj", "{D05AF4CC-E869-4F40-9170-B0950B56ABFA}"
EndProject
Global
	GlobalSection(SolutionConfigurationPlatforms) = preSolution
		Debug|Any CPU = Debug|Any CPU
		Release|Any CPU = Release|Any CPU
	EndGlobalSection
	GlobalSection(ProjectConfigurationPlatforms) = postSolution
		{D05AF4CC-E869-4F40-9170-B0950B56ABFA}.Debug|Any CPU.ActiveCfg = Debug|Any CPU
		{D05AF4CC-E869-4F40-9170-B0950B56ABFA}.Debug|Any CPU.Build.0 = Debug|Any CPU
		{D05AF4CC-E869-4F40-9170-B0950B56ABFA}.Release|Any CPU.ActiveCfg = Release|Any CPU
		{D05AF4CC-E869-4F40-9170-B0950B56ABFA}.Release|Any CPU.Build.0 = Release|Any CPU
	EndGlobalSection
	GlobalSection(SolutionProperties) = preSolution
		HideSolutionNode = FALSE
	EndGlobalSection
	GlobalSection(ExtensibilityGlobals) = postSolution
		SolutionGuid = {79E0D4B1-814B-4790-988D-607D1D9BEBAB}
	EndGlobalSection
EndGlobal
